
Microsoft Visual Studio Solution File, Format Version 12.00
# Visual Studio 14
VisualStudioVersion = 14.0.24720.0
MinimumVisualStudioVersion = 10.0.40219.1
Project("{FAE04EC0-301F-11D3-BF4B-00C04F79EFBC}") = "Elmah-AutoClean", "Elmah-AutoClean\Elmah-AutoClean.csproj", "{0809693D-D483-4153-B3D5-2888129CAD1E}"
EndProject
Project("{FAE04EC0-301F-11D3-BF4B-00C04F79EFBC}") = "Console-Test", "Console-Test\Console-Test.csproj", "{BD56759A-67F2-475C-802D-5CF944A00E97}"
EndProject
Project("{FAE04EC0-301F-11D3-BF4B-00C04F79EFBC}") = "DashBoard", "DashBoard\DashBoard.csproj", "{5723D51B-BDD4-4BA0-AA2E-272793F1458B}"
EndProject
Project("{FAE04EC0-301F-11D3-BF4B-00C04F79EFBC}") = "Source", "Source\Source.csproj", "{4F793B4B-7A32-4AD7-BD18-159ADBF3237E}"
EndProject
Global
	GlobalSection(SolutionConfigurationPlatforms) = preSolution
		Debug|Any CPU = Debug|Any CPU
		Release|Any CPU = Release|Any CPU
	EndGlobalSection
	GlobalSection(ProjectConfigurationPlatforms) = postSolution
		{0809693D-D483-4153-B3D5-2888129CAD1E}.Debug|Any CPU.ActiveCfg = Debug|Any CPU
		{0809693D-D483-4153-B3D5-2888129CAD1E}.Debug|Any CPU.Build.0 = Debug|Any CPU
		{0809693D-D483-4153-B3D5-2888129CAD1E}.Release|Any CPU.ActiveCfg = Release|Any CPU
		{0809693D-D483-4153-B3D5-2888129CAD1E}.Release|Any CPU.Build.0 = Release|Any CPU
		{BD56759A-67F2-475C-802D-5CF944A00E97}.Debug|Any CPU.ActiveCfg = Debug|Any CPU
		{BD56759A-67F2-475C-802D-5CF944A00E97}.Debug|Any CPU.Build.0 = Debug|Any CPU
		{BD56759A-67F2-475C-802D-5CF944A00E97}.Release|Any CPU.ActiveCfg = Release|Any CPU
		{BD56759A-67F2-475C-802D-5CF944A00E97}.Release|Any CPU.Build.0 = Release|Any CPU
		{5723D51B-BDD4-4BA0-AA2E-272793F1458B}.Debug|Any CPU.ActiveCfg = Debug|Any CPU
		{5723D51B-BDD4-4BA0-AA2E-272793F1458B}.Debug|Any CPU.Build.0 = Debug|Any CPU
		{5723D51B-BDD4-4BA0-AA2E-272793F1458B}.Release|Any CPU.ActiveCfg = Release|Any CPU
		{5723D51B-BDD4-4BA0-AA2E-272793F1458B}.Release|Any CPU.Build.0 = Release|Any CPU
		{4F793B4B-7A32-4AD7-BD18-159ADBF3237E}.Debug|Any CPU.ActiveCfg = Debug|Any CPU
		{4F793B4B-7A32-4AD7-BD18-159ADBF3237E}.Debug|Any CPU.Build.0 = Debug|Any CPU
		{4F793B4B-7A32-4AD7-BD18-159ADBF3237E}.Release|Any CPU.ActiveCfg = Release|Any CPU
		{4F793B4B-7A32-4AD7-BD18-159ADBF3237E}.Release|Any CPU.Build.0 = Release|Any CPU
	EndGlobalSection
	GlobalSection(SolutionProperties) = preSolution
		HideSolutionNode = FALSE
	EndGlobalSection
EndGlobal
